github.com/kittenbark/tg v0.0.0-20250314194103-83aaac3f0eec h1:cnXF8mm3qnJqoqWbrChXJ8OmZhA+C4rdVVcHYMyhg7Q=
github.com/kittenbark/tg v0.0.0-20250314194103-83aaac3f0eec/go.mod h1:n84Rl0h0IaG+pLij7L9PSwErJCbG755uoqf3pLhw4BY=
github.com/kittenbark/tg v0.0.0-20250322070014-2bd40b9b2ddf h1:UZyvK+oQYZxM0/2A4vwsXM+HHPRSOKoRo3nPY27bo68=
github.com/kittenbark/tg v0.0.0-20250322070014-2bd40b9b2ddf/go.mod h1:n84Rl0h0IaG+pLij7L9PSwErJCbG755uoqf3pLhw4BY=
github.com/kittenbark/tg v0.0.0-20250428080139-ee22381c5637 h1:R7GjIV0ZyCOcUy+1/S4doY/NrlRS0fLlB3owMXFUoBo=
github.com/kittenbark/tg v0.0.0-20250428080139-ee22381c5637/go.mod h1:n84Rl0h0IaG+pLij7L9PSwErJCbG755uoqf3pLhw4BY=
